
Microsoft Visual Studio Solution File, Format Version 12.00
# Visual Studio 15
VisualStudioVersion = 15.0.28307.902
MinimumVisualStudioVersion = 10.0.40219.1
Project("{8BC9CEB8-8B4A-11D0-8D11-00A0C91BC942}") = "лаб 11", "лаб 11\лаб 11.vcxproj", "{2825F6B1-A552-4226-98FF-D860502FE3D0}"
EndProject
Global
	GlobalSection(SolutionConfigurationPlatforms) = preSolution
		Debug|x64 = Debug|x64
		Debug|x86 = Debug|x86
		Release|x64 = Release|x64
		Release|x86 = Release|x86
	EndGlobalSection
	GlobalSection(ProjectConfigurationPlatforms) = postSolution
		{2825F6B1-A552-4226-98FF-D860502FE3D0}.Debug|x64.ActiveCfg = Debug|x64
		{2825F6B1-A552-4226-98FF-D860502FE3D0}.Debug|x64.Build.0 = Debug|x64
		{2825F6B1-A552-4226-98FF-D860502FE3D0}.Debug|x86.ActiveCfg = Debug|Win32
		{2825F6B1-A552-4226-98FF-D860502FE3D0}.Debug|x86.Build.0 = Debug|Win32
		{2825F6B1-A552-4226-98FF-D860502FE3D0}.Release|x64.ActiveCfg = Release|x64
		{2825F6B1-A552-4226-98FF-D860502FE3D0}.Release|x64.Build.0 = Release|x64
		{2825F6B1-A552-4226-98FF-D860502FE3D0}.Release|x86.ActiveCfg = Release|Win32
		{2825F6B1-A552-4226-98FF-D860502FE3D0}.Release|x86.Build.0 = Release|Win32
	EndGlobalSection
	GlobalSection(SolutionProperties) = preSolution
		HideSolutionNode = FALSE
	EndGlobalSection
	GlobalSection(ExtensibilityGlobals) = postSolution
		SolutionGuid = {EDE3876E-9C6E-46C0-A63A-906A72EF05ED}
	EndGlobalSection
EndGlobal
