
Microsoft Visual Studio Solution File, Format Version 12.00
# Visual Studio 15
VisualStudioVersion = 15.0.28307.902
MinimumVisualStudioVersion = 10.0.40219.1
Project("{8BC9CEB8-8B4A-11D0-8D11-00A0C91BC942}") = "лаб 6", "лаб 6\лаб 6.vcxproj", "{95D4A3CB-949D-4426-B38C-CF748F02CC15}"
EndProject
Global
	GlobalSection(SolutionConfigurationPlatforms) = preSolution
		Debug|x64 = Debug|x64
		Debug|x86 = Debug|x86
		Release|x64 = Release|x64
		Release|x86 = Release|x86
	EndGlobalSection
	GlobalSection(ProjectConfigurationPlatforms) = postSolution
		{95D4A3CB-949D-4426-B38C-CF748F02CC15}.Debug|x64.ActiveCfg = Debug|x64
		{95D4A3CB-949D-4426-B38C-CF748F02CC15}.Debug|x64.Build.0 = Debug|x64
		{95D4A3CB-949D-4426-B38C-CF748F02CC15}.Debug|x86.ActiveCfg = Debug|Win32
		{95D4A3CB-949D-4426-B38C-CF748F02CC15}.Debug|x86.Build.0 = Debug|Win32
		{95D4A3CB-949D-4426-B38C-CF748F02CC15}.Release|x64.ActiveCfg = Release|x64
		{95D4A3CB-949D-4426-B38C-CF748F02CC15}.Release|x64.Build.0 = Release|x64
		{95D4A3CB-949D-4426-B38C-CF748F02CC15}.Release|x86.ActiveCfg = Release|Win32
		{95D4A3CB-949D-4426-B38C-CF748F02CC15}.Release|x86.Build.0 = Release|Win32
	EndGlobalSection
	GlobalSection(SolutionProperties) = preSolution
		HideSolutionNode = FALSE
	EndGlobalSection
	GlobalSection(ExtensibilityGlobals) = postSolution
		SolutionGuid = {2AFE8C94-75EC-496C-98D2-61287222428F}
	EndGlobalSection
EndGlobal
