
Microsoft Visual Studio Solution File, Format Version 12.00
# Visual Studio 15
VisualStudioVersion = 15.0.28307.902
MinimumVisualStudioVersion = 10.0.40219.1
Project("{8BC9CEB8-8B4A-11D0-8D11-00A0C91BC942}") = "лаб 3", "лаб 3\лаб 3.vcxproj", "{12177BBC-63C9-43ED-9021-0DE5F0F74D8D}"
EndProject
Global
	GlobalSection(SolutionConfigurationPlatforms) = preSolution
		Debug|x64 = Debug|x64
		Debug|x86 = Debug|x86
		Release|x64 = Release|x64
		Release|x86 = Release|x86
	EndGlobalSection
	GlobalSection(ProjectConfigurationPlatforms) = postSolution
		{12177BBC-63C9-43ED-9021-0DE5F0F74D8D}.Debug|x64.ActiveCfg = Debug|x64
		{12177BBC-63C9-43ED-9021-0DE5F0F74D8D}.Debug|x64.Build.0 = Debug|x64
		{12177BBC-63C9-43ED-9021-0DE5F0F74D8D}.Debug|x86.ActiveCfg = Debug|Win32
		{12177BBC-63C9-43ED-9021-0DE5F0F74D8D}.Debug|x86.Build.0 = Debug|Win32
		{12177BBC-63C9-43ED-9021-0DE5F0F74D8D}.Release|x64.ActiveCfg = Release|x64
		{12177BBC-63C9-43ED-9021-0DE5F0F74D8D}.Release|x64.Build.0 = Release|x64
		{12177BBC-63C9-43ED-9021-0DE5F0F74D8D}.Release|x86.ActiveCfg = Release|Win32
		{12177BBC-63C9-43ED-9021-0DE5F0F74D8D}.Release|x86.Build.0 = Release|Win32
	EndGlobalSection
	GlobalSection(SolutionProperties) = preSolution
		HideSolutionNode = FALSE
	EndGlobalSection
	GlobalSection(ExtensibilityGlobals) = postSolution
		SolutionGuid = {353338DB-0E8F-4FF3-A554-23554B170488}
	EndGlobalSection
EndGlobal
